# Lock file with pinned versions for reproducible builds
# Generated for Python 3.11+
# To install: pip install -r requirements.lock
#
# To update this file:
# 1. Install/update packages as needed: pip install -r requirements.txt
# 2. Regenerate the pinned top-level dependencies below.

# Core dependencies
qbittorrent-api==2026.7.0
schedule==1.2.2
tqdm==4.69.0
apprise==1.12.0

# Testing dependencies
pytest==9.1.1
pytest-cov==7.1.0
pytest-mock==3.15.1
